
Microsoft Visual Studio Solution File, Format Version 12.00
# Visual Studio Version 17
VisualStudioVersion = 17.2.32526.322
MinimumVisualStudioVersion = 10.0.40219.1
Project("{9A19103F-16F7-4668-BE54-9A1E7A4F7556}") = "Accounts.Data", "Accounts.Data\Accounts.Data.csproj", "{B3333638-11C1-4224-BEEB-982EA2868EAA}"
EndProject
Project("{9A19103F-16F7-4668-BE54-9A1E7A4F7556}") = "Accounts.Data.Xml", "Accounts.Data.Xml\Accounts.Data.Xml.csproj", "{9E703B66-68B6-4BA9-86AA-4626BCB3675A}"
EndProject
Project("{9A19103F-16F7-4668-BE54-9A1E7A4F7556}") = "Accounts.Data.Json", "Accounts.Data.Json\Accounts.Data.Json.csproj", "{DBBE17D4-CC8B-42F8-BE72-25731BFADE19}"
EndProject
Project("{9A19103F-16F7-4668-BE54-9A1E7A4F7556}") = "Accounts.ConsoleApp", "Accounts.ConsoleApp\Accounts.ConsoleApp.csproj", "{BC3F9A7A-2E74-48BA-AB69-C9DB51693E6A}"
EndProject
Project("{FAE04EC0-301F-11D3-BF4B-00C04F79EFBC}") = "Accounts.Store", "Accounts.Store\Accounts.Store.csproj", "{CCB29CEF-1EA5-4875-88A3-F92333662535}"
EndProject
Global
	GlobalSection(SolutionConfigurationPlatforms) = preSolution
		Debug|Any CPU = Debug|Any CPU
		Release|Any CPU = Release|Any CPU
	EndGlobalSection
	GlobalSection(ProjectConfigurationPlatforms) = postSolution
		{B3333638-11C1-4224-BEEB-982EA2868EAA}.Debug|Any CPU.ActiveCfg = Debug|Any CPU
		{B3333638-11C1-4224-BEEB-982EA2868EAA}.Debug|Any CPU.Build.0 = Debug|Any CPU
		{B3333638-11C1-4224-BEEB-982EA2868EAA}.Release|Any CPU.ActiveCfg = Release|Any CPU
		{B3333638-11C1-4224-BEEB-982EA2868EAA}.Release|Any CPU.Build.0 = Release|Any CPU
		{9E703B66-68B6-4BA9-86AA-4626BCB3675A}.Debug|Any CPU.ActiveCfg = Debug|Any CPU
		{9E703B66-68B6-4BA9-86AA-4626BCB3675A}.Debug|Any CPU.Build.0 = Debug|Any CPU
		{9E703B66-68B6-4BA9-86AA-4626BCB3675A}.Release|Any CPU.ActiveCfg = Release|Any CPU
		{9E703B66-68B6-4BA9-86AA-4626BCB3675A}.Release|Any CPU.Build.0 = Release|Any CPU
		{DBBE17D4-CC8B-42F8-BE72-25731BFADE19}.Debug|Any CPU.ActiveCfg = Debug|Any CPU
		{DBBE17D4-CC8B-42F8-BE72-25731BFADE19}.Debug|Any CPU.Build.0 = Debug|Any CPU
		{DBBE17D4-CC8B-42F8-BE72-25731BFADE19}.Release|Any CPU.ActiveCfg = Release|Any CPU
		{DBBE17D4-CC8B-42F8-BE72-25731BFADE19}.Release|Any CPU.Build.0 = Release|Any CPU
		{BC3F9A7A-2E74-48BA-AB69-C9DB51693E6A}.Debug|Any CPU.ActiveCfg = Debug|Any CPU
		{BC3F9A7A-2E74-48BA-AB69-C9DB51693E6A}.Debug|Any CPU.Build.0 = Debug|Any CPU
		{BC3F9A7A-2E74-48BA-AB69-C9DB51693E6A}.Release|Any CPU.ActiveCfg = Release|Any CPU
		{BC3F9A7A-2E74-48BA-AB69-C9DB51693E6A}.Release|Any CPU.Build.0 = Release|Any CPU
		{CCB29CEF-1EA5-4875-88A3-F92333662535}.Debug|Any CPU.ActiveCfg = Debug|Any CPU
		{CCB29CEF-1EA5-4875-88A3-F92333662535}.Debug|Any CPU.Build.0 = Debug|Any CPU
		{CCB29CEF-1EA5-4875-88A3-F92333662535}.Release|Any CPU.ActiveCfg = Release|Any CPU
		{CCB29CEF-1EA5-4875-88A3-F92333662535}.Release|Any CPU.Build.0 = Release|Any CPU
	EndGlobalSection
	GlobalSection(SolutionProperties) = preSolution
		HideSolutionNode = FALSE
	EndGlobalSection
	GlobalSection(ExtensibilityGlobals) = postSolution
		SolutionGuid = {B61A0771-AE62-4319-9F34-927E9F33F3A9}
	EndGlobalSection
EndGlobal
